{
  "object": {
    "pins": [
      {
        "package": "Random",
        "repositoryURL": "https://github.com/bernardobreder/apple-random.git",
        "state": {
          "branch": "master",
          "revision": "0f8eaea4626fc590a76b2079fc052308c4db7e0a",
          "version": null
        }
      }
    ]
  },
  "version": 1
}
